
Microsoft Visual Studio Solution File, Format Version 12.00
# Visual Studio Version 17
VisualStudioVersion = 17.0.32014.148
MinimumVisualStudioVersion = 10.0.40219.1
Project("{FAE04EC0-301F-11D3-BF4B-00C04F79EFBC}") = "PostcardCollectionManager", "PostcardCollectionManager\PostcardCollectionManager.csproj", "{33C240BF-618A-4CEB-B46B-22165FEB4A56}"
EndProject
Global
	GlobalSection(SolutionConfigurationPlatforms) = preSolution
		Debug|arm64 = Debug|arm64
		Debug|x64 = Debug|x64
		Debug|x86 = Debug|x86
		Release|arm64 = Release|arm64
		Release|x64 = Release|x64
		Release|x86 = Release|x86
	EndGlobalSection
	GlobalSection(ProjectConfigurationPlatforms) = postSolution
		{33C240BF-618A-4CEB-B46B-22165FEB4A56}.Debug|arm64.ActiveCfg = Debug|arm64
		{33C240BF-618A-4CEB-B46B-22165FEB4A56}.Debug|arm64.Build.0 = Debug|arm64
		{33C240BF-618A-4CEB-B46B-22165FEB4A56}.Debug|arm64.Deploy.0 = Debug|arm64
		{33C240BF-618A-4CEB-B46B-22165FEB4A56}.Debug|x64.ActiveCfg = Debug|x64
		{33C240BF-618A-4CEB-B46B-22165FEB4A56}.Debug|x64.Build.0 = Debug|x64
		{33C240BF-618A-4CEB-B46B-22165FEB4A56}.Debug|x64.Deploy.0 = Debug|x64
		{33C240BF-618A-4CEB-B46B-22165FEB4A56}.Debug|x86.ActiveCfg = Debug|x86
		{33C240BF-618A-4CEB-B46B-22165FEB4A56}.Debug|x86.Build.0 = Debug|x86
		{33C240BF-618A-4CEB-B46B-22165FEB4A56}.Debug|x86.Deploy.0 = Debug|x86
		{33C240BF-618A-4CEB-B46B-22165FEB4A56}.Release|arm64.ActiveCfg = Release|arm64
		{33C240BF-618A-4CEB-B46B-22165FEB4A56}.Release|arm64.Build.0 = Release|arm64
		{33C240BF-618A-4CEB-B46B-22165FEB4A56}.Release|arm64.Deploy.0 = Release|arm64
		{33C240BF-618A-4CEB-B46B-22165FEB4A56}.Release|x64.ActiveCfg = Release|x64
		{33C240BF-618A-4CEB-B46B-22165FEB4A56}.Release|x64.Build.0 = Release|x64
		{33C240BF-618A-4CEB-B46B-22165FEB4A56}.Release|x64.Deploy.0 = Release|x64
		{33C240BF-618A-4CEB-B46B-22165FEB4A56}.Release|x86.ActiveCfg = Release|x86
		{33C240BF-618A-4CEB-B46B-22165FEB4A56}.Release|x86.Build.0 = Release|x86
		{33C240BF-618A-4CEB-B46B-22165FEB4A56}.Release|x86.Deploy.0 = Release|x86
	EndGlobalSection
	GlobalSection(SolutionProperties) = preSolution
		HideSolutionNode = FALSE
	EndGlobalSection
	GlobalSection(ExtensibilityGlobals) = postSolution
		SolutionGuid = {199BAEAC-0166-440A-A8EC-D8A98110468F}
	EndGlobalSection
EndGlobal
